
Microsoft Visual Studio Solution File, Format Version 12.00
# Visual Studio Version 16
VisualStudioVersion = 16.0.30204.135
MinimumVisualStudioVersion = 10.0.40219.1
Project("{FAE04EC0-301F-11D3-BF4B-00C04F79EFBC}") = "BooksAPI", "BooksAPI.csproj", "{87DD444F-B71C-44AA-98E3-4427E3BA312D}"
EndProject
Global
	GlobalSection(SolutionConfigurationPlatforms) = preSolution
		Debug|Any CPU = Debug|Any CPU
		Release|Any CPU = Release|Any CPU
	EndGlobalSection
	GlobalSection(ProjectConfigurationPlatforms) = postSolution
		{87DD444F-B71C-44AA-98E3-4427E3BA312D}.Debug|Any CPU.ActiveCfg = Debug|Any CPU
		{87DD444F-B71C-44AA-98E3-4427E3BA312D}.Debug|Any CPU.Build.0 = Debug|Any CPU
		{87DD444F-B71C-44AA-98E3-4427E3BA312D}.Release|Any CPU.ActiveCfg = Release|Any CPU
		{87DD444F-B71C-44AA-98E3-4427E3BA312D}.Release|Any CPU.Build.0 = Release|Any CPU
	EndGlobalSection
	GlobalSection(SolutionProperties) = preSolution
		HideSolutionNode = FALSE
	EndGlobalSection
	GlobalSection(ExtensibilityGlobals) = postSolution
		SolutionGuid = {0C382C97-A641-4DC4-87A5-659FFF114A62}
	EndGlobalSection
EndGlobal
